{
    "_readme": [
        "This file locks the dependencies of your project to a known state",
        "Read more about it at https://getcomposer.org/doc/01-basic-usage.md#installing-dependencies",
        "This file is @generated automatically"
    ],
    "content-hash": "ddb1bcf5adbc9d978c57446f5b28137d",
    "packages": [
        {
            "name": "14mpr0gr4mm3r/armor-lib",
            "version": "v1.1.5",
            "source": {
                "type": "git",
                "url": "https://github.com/14mPr0gr4mm3r/armor-lib.git",
                "reference": "cff066f66d990f3424630fdf1dd5614986bd4ace"
            },
            "dist": {
                "type": "zip",
                "url": "https://api.github.com/repos/14mPr0gr4mm3r/armor-lib/zipball/cff066f66d990f3424630fdf1dd5614986bd4ace",
                "reference": "cff066f66d990f3424630fdf1dd5614986bd4ace",
                "shasum": ""
            },
            "require": {
                "php": "^7.2"
            },
            "require-dev": {
                "phpunit/phpunit": "8"
            },
            "type": "library",
            "autoload": {
                "psr-4": {
                    "Armor\\": "src/",
                    "Armor\\Handle\\": "src/resources",
                    "Armor\\Exceptions\\": "src/resources/Exceptions",
                    "Armor\\Extensions\\": "src/extensions"
                }
            },
            "notification-url": "https://packagist.org/downloads/",
            "license": [
                "GPL-3.0"
            ],
            "authors": [
                {
                    "name": "Gustavo Sampaio (14mPr0gr4mm3r)",
                    "role": "Developer"
                }
            ],
            "description": "Armor aims to be an useful routing (and more things) framework for back-end developers.",
            "keywords": [
                "armor-lib",
                "extensions",
                "framework",
                "php",
                "routing"
            ],
            "time": "2020-06-23T21:15:50+00:00"
        }
    ],
    "packages-dev": [],
    "aliases": [],
    "minimum-stability": "stable",
    "stability-flags": [],
    "prefer-stable": false,
    "prefer-lowest": false,
    "platform": {
        "php": "^7.3"
    },
    "platform-dev": []
}
