{
    "_readme": [
        "This file locks the dependencies of your project to a known state",
        "Read more about it at https://getcomposer.org/doc/01-basic-usage.md#installing-dependencies",
        "This file is @generated automatically"
    ],
    "content-hash": "575dc8047d354ef9195c2be1c7351901",
    "packages": [
        {
            "name": "14mpr0gr4mm3r/armor-lib",
            "version": "v1.1.0",
            "source": {
                "type": "git",
                "url": "https://github.com/14mPr0gr4mm3r/armor-lib.git",
                "reference": "92779a0f7c349d9f5b2a444acbd1201b98b12c0e"
            },
            "dist": {
                "type": "zip",
                "url": "https://api.github.com/repos/14mPr0gr4mm3r/armor-lib/zipball/92779a0f7c349d9f5b2a444acbd1201b98b12c0e",
                "reference": "92779a0f7c349d9f5b2a444acbd1201b98b12c0e",
                "shasum": ""
            },
            "require": {
                "php": "^7.2"
            },
            "type": "library",
            "autoload": {
                "psr-4": {
                    "Armor\\": "src/",
                    "Armor\\HandlingTools\\": "src/resources",
                    "Armor\\Exceptions\\": "src/resources/Exceptions"
                }
            },
            "notification-url": "https://packagist.org/downloads/",
            "license": [
                "GPL-3.0"
            ],
            "authors": [
                {
                    "name": "Gustavo Sampaio (14mPr0gr4mm3r)",
                    "role": "Developer"
                }
            ],
            "description": "Armor aims to be an useful routing (and more things) framework for back-end developers.",
            "keywords": [
                "armor-lib",
                "extensions",
                "framework",
                "php",
                "routing"
            ],
            "time": "2019-11-24T19:32:28+00:00"
        }
    ],
    "packages-dev": [],
    "aliases": [],
    "minimum-stability": "stable",
    "stability-flags": [],
    "prefer-stable": false,
    "prefer-lowest": false,
    "platform": [],
    "platform-dev": []
}
