{
    "_readme": [
        "This file locks the dependencies of your project to a known state",
        "Read more about it at https://getcomposer.org/doc/01-basic-usage.md#installing-dependencies",
        "This file is @generated automatically"
    ],
    "content-hash": "7c19063f8a23216f3e3e8348e94cd5be",
    "packages": [
        {
            "name": "14mpr0gr4mm3r/armor-ui",
            "version": "v0.1.1",
            "source": {
                "type": "git",
                "url": "https://github.com/14mPr0gr4mm3r/armor-ui.git",
                "reference": "5492fdfadacd887bb4a480bc601174b13feb25e2"
            },
            "dist": {
                "type": "zip",
                "url": "https://api.github.com/repos/14mPr0gr4mm3r/armor-ui/zipball/5492fdfadacd887bb4a480bc601174b13feb25e2",
                "reference": "5492fdfadacd887bb4a480bc601174b13feb25e2",
                "shasum": ""
            },
            "require": {
                "php": "^7.3"
            },
            "type": "library",
            "autoload": {
                "psr-4": {
                    "ArmorUI\\": "src/"
                }
            },
            "notification-url": "https://packagist.org/downloads/",
            "license": [
                "MIT"
            ],
            "authors": [
                {
                    "name": "Gustavo Sampaio (14mPr0gr4mm3r)",
                    "role": "Developer"
                }
            ],
            "description": "An UI library to extend the Armor framework",
            "keywords": [
                "armor-lib",
                "armor-ui",
                "components",
                "extension",
                "php",
                "ui",
                "views"
            ],
            "time": "2020-06-30T21:22:31+00:00"
        },
        {
            "name": "armor/framework",
            "version": "v1.2.6",
            "source": {
                "type": "git",
                "url": "https://github.com/14mPr0gr4mm3r/armor-lib.git",
                "reference": "febf8d81b53619a902cc5a84cfa0998770c49345"
            },
            "dist": {
                "type": "zip",
                "url": "https://api.github.com/repos/14mPr0gr4mm3r/armor-lib/zipball/febf8d81b53619a902cc5a84cfa0998770c49345",
                "reference": "febf8d81b53619a902cc5a84cfa0998770c49345",
                "shasum": ""
            },
            "require": {
                "php": "^7.3"
            },
            "require-dev": {
                "phpdocumentor/phpdocumentor": "^2",
                "phpunit/phpunit": "^9"
            },
            "type": "library",
            "autoload": {
                "psr-4": {
                    "Armor\\": [
                        "src/",
                        "src/Resources"
                    ],
                    "Armor\\Handle\\": "src/Resources/Handle",
                    "Armor\\Exceptions\\": "src/Resources/Exceptions"
                }
            },
            "notification-url": "https://packagist.org/downloads/",
            "license": [
                "MIT"
            ],
            "authors": [
                {
                    "name": "Gustavo Sampaio (14mPr0gr4mm3r)",
                    "role": "Developer"
                }
            ],
            "description": "Armor aims to be an useful routing framework for PHP developers.",
            "keywords": [
                "armor-lib",
                "extensions",
                "framework",
                "php",
                "routing"
            ],
            "time": "2020-07-06T21:55:12+00:00"
        }
    ],
    "packages-dev": [],
    "aliases": [],
    "minimum-stability": "stable",
    "stability-flags": [],
    "prefer-stable": false,
    "prefer-lowest": false,
    "platform": {
        "php": "^7.3"
    },
    "platform-dev": []
}
